
Microsoft Visual Studio Solution File, Format Version 12.00
# Visual Studio Version 16
VisualStudioVersion = 16.0.30503.244
MinimumVisualStudioVersion = 10.0.40219.1
Project("{FAE04EC0-301F-11D3-BF4B-00C04F79EFBC}") = "FlyweightPattern", "FlyweightPattern\FlyweightPattern.csproj", "{BC55A527-2C04-4598-BEB8-186D8D06A3C2}"
EndProject
Project("{FAE04EC0-301F-11D3-BF4B-00C04F79EFBC}") = "ImageLoadExample", "ImageLoadExample\ImageLoadExample.csproj", "{A059BD61-E3F8-42EB-9A16-771AC5CBD176}"
EndProject
Project("{FAE04EC0-301F-11D3-BF4B-00C04F79EFBC}") = "ImageLoadExampleInterface", "ImageLoadExampleInterface\ImageLoadExampleInterface.csproj", "{8A677765-38EE-4116-8760-599D64CE5562}"
EndProject
Global
	GlobalSection(SolutionConfigurationPlatforms) = preSolution
		Debug|Any CPU = Debug|Any CPU
		Debug|x86 = Debug|x86
		Release|Any CPU = Release|Any CPU
		Release|x86 = Release|x86
	EndGlobalSection
	GlobalSection(ProjectConfigurationPlatforms) = postSolution
		{BC55A527-2C04-4598-BEB8-186D8D06A3C2}.Debug|Any CPU.ActiveCfg = Debug|x86
		{BC55A527-2C04-4598-BEB8-186D8D06A3C2}.Debug|x86.ActiveCfg = Debug|x86
		{BC55A527-2C04-4598-BEB8-186D8D06A3C2}.Debug|x86.Build.0 = Debug|x86
		{BC55A527-2C04-4598-BEB8-186D8D06A3C2}.Release|Any CPU.ActiveCfg = Release|x86
		{BC55A527-2C04-4598-BEB8-186D8D06A3C2}.Release|x86.ActiveCfg = Release|x86
		{BC55A527-2C04-4598-BEB8-186D8D06A3C2}.Release|x86.Build.0 = Release|x86
		{A059BD61-E3F8-42EB-9A16-771AC5CBD176}.Debug|Any CPU.ActiveCfg = Debug|x86
		{A059BD61-E3F8-42EB-9A16-771AC5CBD176}.Debug|x86.ActiveCfg = Debug|x86
		{A059BD61-E3F8-42EB-9A16-771AC5CBD176}.Debug|x86.Build.0 = Debug|x86
		{A059BD61-E3F8-42EB-9A16-771AC5CBD176}.Release|Any CPU.ActiveCfg = Release|x86
		{A059BD61-E3F8-42EB-9A16-771AC5CBD176}.Release|x86.ActiveCfg = Release|x86
		{A059BD61-E3F8-42EB-9A16-771AC5CBD176}.Release|x86.Build.0 = Release|x86
		{8A677765-38EE-4116-8760-599D64CE5562}.Debug|Any CPU.ActiveCfg = Debug|Any CPU
		{8A677765-38EE-4116-8760-599D64CE5562}.Debug|Any CPU.Build.0 = Debug|Any CPU
		{8A677765-38EE-4116-8760-599D64CE5562}.Debug|x86.ActiveCfg = Debug|Any CPU
		{8A677765-38EE-4116-8760-599D64CE5562}.Debug|x86.Build.0 = Debug|Any CPU
		{8A677765-38EE-4116-8760-599D64CE5562}.Release|Any CPU.ActiveCfg = Release|Any CPU
		{8A677765-38EE-4116-8760-599D64CE5562}.Release|Any CPU.Build.0 = Release|Any CPU
		{8A677765-38EE-4116-8760-599D64CE5562}.Release|x86.ActiveCfg = Release|Any CPU
		{8A677765-38EE-4116-8760-599D64CE5562}.Release|x86.Build.0 = Release|Any CPU
	EndGlobalSection
	GlobalSection(SolutionProperties) = preSolution
		HideSolutionNode = FALSE
	EndGlobalSection
	GlobalSection(ExtensibilityGlobals) = postSolution
		SolutionGuid = {C03CB0B6-69FB-4E57-8989-B22C89EAD50D}
	EndGlobalSection
	GlobalSection(MonoDevelopProperties) = preSolution
		StartupItem = ImageLoadExample\ImageLoadExample.csproj
	EndGlobalSection
EndGlobal
