
Microsoft Visual Studio Solution File, Format Version 12.00
# Visual Studio Version 16
VisualStudioVersion = 16.0.31424.327
MinimumVisualStudioVersion = 10.0.40219.1
Project("{FAE04EC0-301F-11D3-BF4B-00C04F79EFBC}") = "CommandPattern", "CommandPattern\CommandPattern.csproj", "{EF8F3AEE-BB58-4495-BF77-4B4FD756851F}"
EndProject
Project("{FAE04EC0-301F-11D3-BF4B-00C04F79EFBC}") = "CalculatorExample", "CalculatorExample\CalculatorExample.csproj", "{D80042E1-B329-4E1F-951C-C1E114F79CC5}"
EndProject
Project("{FAE04EC0-301F-11D3-BF4B-00C04F79EFBC}") = "CalculatorExampleInterface", "CalculatorExampleInterface\CalculatorExampleInterface.csproj", "{4343856B-5976-4057-A123-29426D120743}"
EndProject
Global
	GlobalSection(SolutionConfigurationPlatforms) = preSolution
		Debug|Any CPU = Debug|Any CPU
		Debug|x86 = Debug|x86
		Release|Any CPU = Release|Any CPU
		Release|x86 = Release|x86
	EndGlobalSection
	GlobalSection(ProjectConfigurationPlatforms) = postSolution
		{EF8F3AEE-BB58-4495-BF77-4B4FD756851F}.Debug|Any CPU.ActiveCfg = Debug|x86
		{EF8F3AEE-BB58-4495-BF77-4B4FD756851F}.Debug|x86.ActiveCfg = Debug|x86
		{EF8F3AEE-BB58-4495-BF77-4B4FD756851F}.Debug|x86.Build.0 = Debug|x86
		{EF8F3AEE-BB58-4495-BF77-4B4FD756851F}.Release|Any CPU.ActiveCfg = Release|x86
		{EF8F3AEE-BB58-4495-BF77-4B4FD756851F}.Release|x86.ActiveCfg = Release|x86
		{EF8F3AEE-BB58-4495-BF77-4B4FD756851F}.Release|x86.Build.0 = Release|x86
		{D80042E1-B329-4E1F-951C-C1E114F79CC5}.Debug|Any CPU.ActiveCfg = Debug|x86
		{D80042E1-B329-4E1F-951C-C1E114F79CC5}.Debug|x86.ActiveCfg = Debug|x86
		{D80042E1-B329-4E1F-951C-C1E114F79CC5}.Debug|x86.Build.0 = Debug|x86
		{D80042E1-B329-4E1F-951C-C1E114F79CC5}.Release|Any CPU.ActiveCfg = Release|x86
		{D80042E1-B329-4E1F-951C-C1E114F79CC5}.Release|x86.ActiveCfg = Release|x86
		{D80042E1-B329-4E1F-951C-C1E114F79CC5}.Release|x86.Build.0 = Release|x86
		{4343856B-5976-4057-A123-29426D120743}.Debug|Any CPU.ActiveCfg = Debug|Any CPU
		{4343856B-5976-4057-A123-29426D120743}.Debug|Any CPU.Build.0 = Debug|Any CPU
		{4343856B-5976-4057-A123-29426D120743}.Debug|x86.ActiveCfg = Debug|Any CPU
		{4343856B-5976-4057-A123-29426D120743}.Debug|x86.Build.0 = Debug|Any CPU
		{4343856B-5976-4057-A123-29426D120743}.Release|Any CPU.ActiveCfg = Release|Any CPU
		{4343856B-5976-4057-A123-29426D120743}.Release|Any CPU.Build.0 = Release|Any CPU
		{4343856B-5976-4057-A123-29426D120743}.Release|x86.ActiveCfg = Release|Any CPU
		{4343856B-5976-4057-A123-29426D120743}.Release|x86.Build.0 = Release|Any CPU
	EndGlobalSection
	GlobalSection(SolutionProperties) = preSolution
		HideSolutionNode = FALSE
	EndGlobalSection
	GlobalSection(ExtensibilityGlobals) = postSolution
		SolutionGuid = {67FE1494-FA74-4291-8138-2DDC7D28EE52}
	EndGlobalSection
	GlobalSection(MonoDevelopProperties) = preSolution
		StartupItem = CalculatorExample\CalculatorExample.csproj
	EndGlobalSection
EndGlobal
