
Microsoft Visual Studio Solution File, Format Version 12.00
# Visual Studio Version 16
VisualStudioVersion = 16.0.30503.244
MinimumVisualStudioVersion = 10.0.40219.1
Project("{FAE04EC0-301F-11D3-BF4B-00C04F79EFBC}") = "FactoryMethodPattern", "FactoryMethodPattern\FactoryMethodPattern.csproj", "{303B59A6-BA63-4342-ABE5-1B9A4752CDBC}"
EndProject
Project("{FAE04EC0-301F-11D3-BF4B-00C04F79EFBC}") = "ToyFactoryExample", "ToyFactoryExample\ToyFactoryExample.csproj", "{1AC752BB-3BA8-4D6F-A1EA-A5AE1196022B}"
EndProject
Project("{FAE04EC0-301F-11D3-BF4B-00C04F79EFBC}") = "ToyFactoryExampleInterface", "ToyFactoryExampleInterface\ToyFactoryExampleInterface.csproj", "{D17E1FAA-AFAA-4082-953A-75A55C1432C2}"
EndProject
Global
	GlobalSection(SolutionConfigurationPlatforms) = preSolution
		Debug|Any CPU = Debug|Any CPU
		Debug|x86 = Debug|x86
		Release|Any CPU = Release|Any CPU
		Release|x86 = Release|x86
	EndGlobalSection
	GlobalSection(ProjectConfigurationPlatforms) = postSolution
		{303B59A6-BA63-4342-ABE5-1B9A4752CDBC}.Debug|Any CPU.ActiveCfg = Debug|x86
		{303B59A6-BA63-4342-ABE5-1B9A4752CDBC}.Debug|x86.ActiveCfg = Debug|x86
		{303B59A6-BA63-4342-ABE5-1B9A4752CDBC}.Debug|x86.Build.0 = Debug|x86
		{303B59A6-BA63-4342-ABE5-1B9A4752CDBC}.Release|Any CPU.ActiveCfg = Release|x86
		{303B59A6-BA63-4342-ABE5-1B9A4752CDBC}.Release|x86.ActiveCfg = Release|x86
		{303B59A6-BA63-4342-ABE5-1B9A4752CDBC}.Release|x86.Build.0 = Release|x86
		{1AC752BB-3BA8-4D6F-A1EA-A5AE1196022B}.Debug|Any CPU.ActiveCfg = Debug|x86
		{1AC752BB-3BA8-4D6F-A1EA-A5AE1196022B}.Debug|x86.ActiveCfg = Debug|x86
		{1AC752BB-3BA8-4D6F-A1EA-A5AE1196022B}.Debug|x86.Build.0 = Debug|x86
		{1AC752BB-3BA8-4D6F-A1EA-A5AE1196022B}.Release|Any CPU.ActiveCfg = Release|x86
		{1AC752BB-3BA8-4D6F-A1EA-A5AE1196022B}.Release|x86.ActiveCfg = Release|x86
		{1AC752BB-3BA8-4D6F-A1EA-A5AE1196022B}.Release|x86.Build.0 = Release|x86
		{D17E1FAA-AFAA-4082-953A-75A55C1432C2}.Debug|Any CPU.ActiveCfg = Debug|Any CPU
		{D17E1FAA-AFAA-4082-953A-75A55C1432C2}.Debug|Any CPU.Build.0 = Debug|Any CPU
		{D17E1FAA-AFAA-4082-953A-75A55C1432C2}.Debug|x86.ActiveCfg = Debug|Any CPU
		{D17E1FAA-AFAA-4082-953A-75A55C1432C2}.Debug|x86.Build.0 = Debug|Any CPU
		{D17E1FAA-AFAA-4082-953A-75A55C1432C2}.Release|Any CPU.ActiveCfg = Release|Any CPU
		{D17E1FAA-AFAA-4082-953A-75A55C1432C2}.Release|Any CPU.Build.0 = Release|Any CPU
		{D17E1FAA-AFAA-4082-953A-75A55C1432C2}.Release|x86.ActiveCfg = Release|Any CPU
		{D17E1FAA-AFAA-4082-953A-75A55C1432C2}.Release|x86.Build.0 = Release|Any CPU
	EndGlobalSection
	GlobalSection(SolutionProperties) = preSolution
		HideSolutionNode = FALSE
	EndGlobalSection
	GlobalSection(ExtensibilityGlobals) = postSolution
		SolutionGuid = {E172147B-D3EA-40DA-AF87-5E2ED03F0F6C}
	EndGlobalSection
	GlobalSection(MonoDevelopProperties) = preSolution
		StartupItem = ToyFactoryExample\ToyFactoryExample.csproj
	EndGlobalSection
EndGlobal
