
Microsoft Visual Studio Solution File, Format Version 12.00
# Visual Studio Version 16
VisualStudioVersion = 16.0.30503.244
MinimumVisualStudioVersion = 10.0.40219.1
Project("{FAE04EC0-301F-11D3-BF4B-00C04F79EFBC}") = "SOLID", "SOLID\SOLID.csproj", "{F3E8B643-6D60-4567-9302-F1CE2DE276D9}"
EndProject
Global
	GlobalSection(SolutionConfigurationPlatforms) = preSolution
		Debug|Any CPU = Debug|Any CPU
		Release|Any CPU = Release|Any CPU
	EndGlobalSection
	GlobalSection(ProjectConfigurationPlatforms) = postSolution
		{F3E8B643-6D60-4567-9302-F1CE2DE276D9}.Debug|Any CPU.ActiveCfg = Debug|Any CPU
		{F3E8B643-6D60-4567-9302-F1CE2DE276D9}.Debug|Any CPU.Build.0 = Debug|Any CPU
		{F3E8B643-6D60-4567-9302-F1CE2DE276D9}.Release|Any CPU.ActiveCfg = Release|Any CPU
		{F3E8B643-6D60-4567-9302-F1CE2DE276D9}.Release|Any CPU.Build.0 = Release|Any CPU
	EndGlobalSection
	GlobalSection(SolutionProperties) = preSolution
		HideSolutionNode = FALSE
	EndGlobalSection
	GlobalSection(ExtensibilityGlobals) = postSolution
		SolutionGuid = {EAA5671E-F504-400C-B859-1D703B4FF7B5}
	EndGlobalSection
EndGlobal
