
Microsoft Visual Studio Solution File, Format Version 12.00
# Visual Studio Version 16
VisualStudioVersion = 16.0.30503.244
MinimumVisualStudioVersion = 10.0.40219.1
Project("{FAE04EC0-301F-11D3-BF4B-00C04F79EFBC}") = "BuilderPattern", "BuilderPattern.csproj", "{C84681BA-F501-44DE-BAE1-914628C2645E}"
EndProject
Global
	GlobalSection(SolutionConfigurationPlatforms) = preSolution
		Debug|Any CPU = Debug|Any CPU
		Release|Any CPU = Release|Any CPU
	EndGlobalSection
	GlobalSection(ProjectConfigurationPlatforms) = postSolution
		{C84681BA-F501-44DE-BAE1-914628C2645E}.Debug|Any CPU.ActiveCfg = Debug|Any CPU
		{C84681BA-F501-44DE-BAE1-914628C2645E}.Debug|Any CPU.Build.0 = Debug|Any CPU
		{C84681BA-F501-44DE-BAE1-914628C2645E}.Release|Any CPU.ActiveCfg = Release|Any CPU
		{C84681BA-F501-44DE-BAE1-914628C2645E}.Release|Any CPU.Build.0 = Release|Any CPU
	EndGlobalSection
	GlobalSection(SolutionProperties) = preSolution
		HideSolutionNode = FALSE
	EndGlobalSection
	GlobalSection(ExtensibilityGlobals) = postSolution
		SolutionGuid = {881A35DE-421D-42AF-8F67-A67C5E0B01D0}
	EndGlobalSection
EndGlobal
