
Microsoft Visual Studio Solution File, Format Version 12.00
# Visual Studio Version 16
VisualStudioVersion = 16.0.30503.244
MinimumVisualStudioVersion = 10.0.40219.1
Project("{FAE04EC0-301F-11D3-BF4B-00C04F79EFBC}") = "PrototypePattern", "PrototypePattern\PrototypePattern.csproj", "{0E29251E-B060-4049-B3EA-880AE903C4A4}"
EndProject
Project("{FAE04EC0-301F-11D3-BF4B-00C04F79EFBC}") = "CourseImageExample", "CourseImageExample\CourseImageExample.csproj", "{24C8379A-E9B5-47C5-8E52-7ADF869B0C9D}"
EndProject
Project("{FAE04EC0-301F-11D3-BF4B-00C04F79EFBC}") = "CourseImageExampleInterface", "CourseImageExampleInterface\CourseImageExampleInterface.csproj", "{372C2D5E-763B-4A02-A4D7-90E30E722605}"
EndProject
Global
	GlobalSection(SolutionConfigurationPlatforms) = preSolution
		Debug|Any CPU = Debug|Any CPU
		Debug|x86 = Debug|x86
		Release|Any CPU = Release|Any CPU
		Release|x86 = Release|x86
	EndGlobalSection
	GlobalSection(ProjectConfigurationPlatforms) = postSolution
		{0E29251E-B060-4049-B3EA-880AE903C4A4}.Debug|Any CPU.ActiveCfg = Debug|x86
		{0E29251E-B060-4049-B3EA-880AE903C4A4}.Debug|x86.ActiveCfg = Debug|x86
		{0E29251E-B060-4049-B3EA-880AE903C4A4}.Debug|x86.Build.0 = Debug|x86
		{0E29251E-B060-4049-B3EA-880AE903C4A4}.Release|Any CPU.ActiveCfg = Release|x86
		{0E29251E-B060-4049-B3EA-880AE903C4A4}.Release|x86.ActiveCfg = Release|x86
		{0E29251E-B060-4049-B3EA-880AE903C4A4}.Release|x86.Build.0 = Release|x86
		{24C8379A-E9B5-47C5-8E52-7ADF869B0C9D}.Debug|Any CPU.ActiveCfg = Debug|x86
		{24C8379A-E9B5-47C5-8E52-7ADF869B0C9D}.Debug|x86.ActiveCfg = Debug|x86
		{24C8379A-E9B5-47C5-8E52-7ADF869B0C9D}.Debug|x86.Build.0 = Debug|x86
		{24C8379A-E9B5-47C5-8E52-7ADF869B0C9D}.Release|Any CPU.ActiveCfg = Release|x86
		{24C8379A-E9B5-47C5-8E52-7ADF869B0C9D}.Release|x86.ActiveCfg = Release|x86
		{24C8379A-E9B5-47C5-8E52-7ADF869B0C9D}.Release|x86.Build.0 = Release|x86
		{372C2D5E-763B-4A02-A4D7-90E30E722605}.Debug|Any CPU.ActiveCfg = Debug|Any CPU
		{372C2D5E-763B-4A02-A4D7-90E30E722605}.Debug|Any CPU.Build.0 = Debug|Any CPU
		{372C2D5E-763B-4A02-A4D7-90E30E722605}.Debug|x86.ActiveCfg = Debug|Any CPU
		{372C2D5E-763B-4A02-A4D7-90E30E722605}.Debug|x86.Build.0 = Debug|Any CPU
		{372C2D5E-763B-4A02-A4D7-90E30E722605}.Release|Any CPU.ActiveCfg = Release|Any CPU
		{372C2D5E-763B-4A02-A4D7-90E30E722605}.Release|Any CPU.Build.0 = Release|Any CPU
		{372C2D5E-763B-4A02-A4D7-90E30E722605}.Release|x86.ActiveCfg = Release|Any CPU
		{372C2D5E-763B-4A02-A4D7-90E30E722605}.Release|x86.Build.0 = Release|Any CPU
	EndGlobalSection
	GlobalSection(SolutionProperties) = preSolution
		HideSolutionNode = FALSE
	EndGlobalSection
	GlobalSection(ExtensibilityGlobals) = postSolution
		SolutionGuid = {6D17C5CD-9F71-4BB8-BBBB-DC9587B81342}
	EndGlobalSection
	GlobalSection(MonoDevelopProperties) = preSolution
		StartupItem = CourseImageExample\CourseImageExample.csproj
	EndGlobalSection
EndGlobal
