
Microsoft Visual Studio Solution File, Format Version 12.00
# Visual Studio Version 16
VisualStudioVersion = 16.0.30503.244
MinimumVisualStudioVersion = 10.0.40219.1
Project("{FAE04EC0-301F-11D3-BF4B-00C04F79EFBC}") = "CompositePattern", "CompositePattern\CompositePattern.csproj", "{E6001318-1D3A-4B58-A8F9-1C433BFD7960}"
EndProject
Project("{FAE04EC0-301F-11D3-BF4B-00C04F79EFBC}") = "HtmlRenderExample", "HtmlRenderExample\HtmlRenderExample.csproj", "{CA4C2E97-F565-4FC8-B7AD-FD63AEB4A8CC}"
EndProject
Global
	GlobalSection(SolutionConfigurationPlatforms) = preSolution
		Debug|Any CPU = Debug|Any CPU
		Debug|x86 = Debug|x86
		Release|Any CPU = Release|Any CPU
		Release|x86 = Release|x86
	EndGlobalSection
	GlobalSection(ProjectConfigurationPlatforms) = postSolution
		{E6001318-1D3A-4B58-A8F9-1C433BFD7960}.Debug|Any CPU.ActiveCfg = Debug|x86
		{E6001318-1D3A-4B58-A8F9-1C433BFD7960}.Debug|x86.ActiveCfg = Debug|x86
		{E6001318-1D3A-4B58-A8F9-1C433BFD7960}.Debug|x86.Build.0 = Debug|x86
		{E6001318-1D3A-4B58-A8F9-1C433BFD7960}.Release|Any CPU.ActiveCfg = Release|x86
		{E6001318-1D3A-4B58-A8F9-1C433BFD7960}.Release|x86.ActiveCfg = Release|x86
		{E6001318-1D3A-4B58-A8F9-1C433BFD7960}.Release|x86.Build.0 = Release|x86
		{CA4C2E97-F565-4FC8-B7AD-FD63AEB4A8CC}.Debug|Any CPU.ActiveCfg = Debug|x86
		{CA4C2E97-F565-4FC8-B7AD-FD63AEB4A8CC}.Debug|x86.ActiveCfg = Debug|x86
		{CA4C2E97-F565-4FC8-B7AD-FD63AEB4A8CC}.Debug|x86.Build.0 = Debug|x86
		{CA4C2E97-F565-4FC8-B7AD-FD63AEB4A8CC}.Release|Any CPU.ActiveCfg = Release|x86
		{CA4C2E97-F565-4FC8-B7AD-FD63AEB4A8CC}.Release|x86.ActiveCfg = Release|x86
		{CA4C2E97-F565-4FC8-B7AD-FD63AEB4A8CC}.Release|x86.Build.0 = Release|x86
	EndGlobalSection
	GlobalSection(SolutionProperties) = preSolution
		HideSolutionNode = FALSE
	EndGlobalSection
	GlobalSection(ExtensibilityGlobals) = postSolution
		SolutionGuid = {7CEE56D3-747A-4804-9D8A-FDB6FABDCD14}
	EndGlobalSection
	GlobalSection(MonoDevelopProperties) = preSolution
		StartupItem = HtmlRenderExample\HtmlRenderExample.csproj
	EndGlobalSection
EndGlobal
